{
  "pins" : [
    {
      "identity" : "transifex-swift",
      "kind" : "remoteSourceControl",
      "location" : "https://github.com/transifex/transifex-swift/",
      "state" : {
        "revision" : "4490b3ed7abae304e9bb3fed02882320b1df224e",
        "version" : "2.0.1"
      }
    }
  ],
  "version" : 2
}
